// !$*UTF8*$!
{
	archiveVersion = 1;
	classes = {
	};
	objectVersion = 46;
	objects = {

/* Begin PBXBuildFile section */
		06A10EF5CF6CF12682B0BA8C /* Pods_kitt.framework in Frameworks */ = {isa = PBXBuildFile; fileRef = CBE19CE4D82D34B5D283CA67 /* Pods_kitt.framework */; };
		1B63FE341DF29BDA00352155 /* LoginVC.swift in Sources */ = {isa = PBXBuildFile; fileRef = 1B63FE331DF29BDA00352155 /* LoginVC.swift */; };
		1B63FE371DF29F1200352155 /* SeparatorView.swift in Sources */ = {isa = PBXBuildFile; fileRef = 1B63FE361DF29F1200352155 /* SeparatorView.swift */; };
		1B63FE391DF2A24A00352155 /* Extensions.swift in Sources */ = {isa = PBXBuildFile; fileRef = 1B63FE381DF2A24A00352155 /* Extensions.swift */; };
		1B63FE3B1DF2B1C800352155 /* GarageVC.swift in Sources */ = {isa = PBXBuildFile; fileRef = 1B63FE3A1DF2B1C800352155 /* GarageVC.swift */; };
		1B63FE3D1DF2B23400352155 /* GarageCell.swift in Sources */ = {isa = PBXBuildFile; fileRef = 1B63FE3C1DF2B23400352155 /* GarageCell.swift */; };
		1B63FE3F1DF2BEEB00352155 /* MenuVC.swift in Sources */ = {isa = PBXBuildFile; fileRef = 1B63FE3E1DF2BEEB00352155 /* MenuVC.swift */; };
		1BAA8DDE1DF2C9E000643DC8 /* MenuCell.swift in Sources */ = {isa = PBXBuildFile; fileRef = 1BAA8DDD1DF2C9E000643DC8 /* MenuCell.swift */; };
		1BAA8DE01DF2CFF500643DC8 /* RideVC.swift in Sources */ = {isa = PBXBuildFile; fileRef = 1BAA8DDF1DF2CFF500643DC8 /* RideVC.swift */; };
		1BAA8DE21DF2D00500643DC8 /* UsersVC.swift in Sources */ = {isa = PBXBuildFile; fileRef = 1BAA8DE11DF2D00500643DC8 /* UsersVC.swift */; };
		1BAA8DE41DF2D01700643DC8 /* StateVC.swift in Sources */ = {isa = PBXBuildFile; fileRef = 1BAA8DE31DF2D01700643DC8 /* StateVC.swift */; };
		1BAA8DE61DF2D02500643DC8 /* ConfigVC.swift in Sources */ = {isa = PBXBuildFile; fileRef = 1BAA8DE51DF2D02500643DC8 /* ConfigVC.swift */; };
		AB2468681DEE3A8C0066F46F /* AppDelegate.swift in Sources */ = {isa = PBXBuildFile; fileRef = AB2468671DEE3A8C0066F46F /* AppDelegate.swift */; };
		AB24686D1DEE3A8C0066F46F /* Main.storyboard in Resources */ = {isa = PBXBuildFile; fileRef = AB24686B1DEE3A8C0066F46F /* Main.storyboard */; };
		AB24686F1DEE3A8C0066F46F /* Assets.xcassets in Resources */ = {isa = PBXBuildFile; fileRef = AB24686E1DEE3A8C0066F46F /* Assets.xcassets */; };
		AB2468721DEE3A8C0066F46F /* LaunchScreen.storyboard in Resources */ = {isa = PBXBuildFile; fileRef = AB2468701DEE3A8C0066F46F /* LaunchScreen.storyboard */; };
		AB24687D1DEE3A8C0066F46F /* kittTests.swift in Sources */ = {isa = PBXBuildFile; fileRef = AB24687C1DEE3A8C0066F46F /* kittTests.swift */; };
		AB6E05631DEE3D1F001A3BE8 /* Model.swift in Sources */ = {isa = PBXBuildFile; fileRef = AB6E05621DEE3D1F001A3BE8 /* Model.swift */; };
		ABD90A911DF2D3B700167006 /* BaseVC.swift in Sources */ = {isa = PBXBuildFile; fileRef = ABD90A901DF2D3B700167006 /* BaseVC.swift */; };
		DEDC176E909428AB4B47D113 /* Pods_kittTests.framework in Frameworks */ = {isa = PBXBuildFile; fileRef = 6E6CA5C40146E50D54A48DD7 /* Pods_kittTests.framework */; };
/* End PBXBuildFile section */

/* Begin PBXContainerItemProxy section */
		AB2468791DEE3A8C0066F46F /* PBXContainerItemProxy */ = {
			isa = PBXContainerItemProxy;
			containerPortal = AB24685C1DEE3A8C0066F46F /* Project object */;
			proxyType = 1;
			remoteGlobalIDString = AB2468631DEE3A8C0066F46F;
			remoteInfo = kitt;
		};
/* End PBXContainerItemProxy section */

/* Begin PBXFileReference section */
		03F7A3B7A569AEF648CFB086 /* Pods-kittTests.debug.xcconfig */ = {isa = PBXFileReference; includeInIndex = 1; lastKnownFileType = text.xcconfig; name = "Pods-kittTests.debug.xcconfig"; path = "Pods/Target Support Files/Pods-kittTests/Pods-kittTests.debug.xcconfig"; sourceTree = "<group>"; };
		0C0948B4D39D192EBADC2B89 /* Pods-kittTests.release.xcconfig */ = {isa = PBXFileReference; includeInIndex = 1; lastKnownFileType = text.xcconfig; name = "Pods-kittTests.release.xcconfig"; path = "Pods/Target Support Files/Pods-kittTests/Pods-kittTests.release.xcconfig"; sourceTree = "<group>"; };
		1B63FE331DF29BDA00352155 /* LoginVC.swift */ = {isa = PBXFileReference; fileEncoding = 4; lastKnownFileType = sourcecode.swift; path = LoginVC.swift; sourceTree = "<group>"; };
		1B63FE361DF29F1200352155 /* SeparatorView.swift */ = {isa = PBXFileReference; fileEncoding = 4; lastKnownFileType = sourcecode.swift; path = SeparatorView.swift; sourceTree = "<group>"; };
		1B63FE381DF2A24A00352155 /* Extensions.swift */ = {isa = PBXFileReference; fileEncoding = 4; lastKnownFileType = sourcecode.swift; path = Extensions.swift; sourceTree = "<group>"; };
		1B63FE3A1DF2B1C800352155 /* GarageVC.swift */ = {isa = PBXFileReference; fileEncoding = 4; lastKnownFileType = sourcecode.swift; path = GarageVC.swift; sourceTree = "<group>"; };
		1B63FE3C1DF2B23400352155 /* GarageCell.swift */ = {isa = PBXFileReference; fileEncoding = 4; lastKnownFileType = sourcecode.swift; path = GarageCell.swift; sourceTree = "<group>"; };
		1B63FE3E1DF2BEEB00352155 /* MenuVC.swift */ = {isa = PBXFileReference; fileEncoding = 4; lastKnownFileType = sourcecode.swift; path = MenuVC.swift; sourceTree = "<group>"; };
		1BAA8DDD1DF2C9E000643DC8 /* MenuCell.swift */ = {isa = PBXFileReference; fileEncoding = 4; lastKnownFileType = sourcecode.swift; path = MenuCell.swift; sourceTree = "<group>"; };
		1BAA8DDF1DF2CFF500643DC8 /* RideVC.swift */ = {isa = PBXFileReference; fileEncoding = 4; lastKnownFileType = sourcecode.swift; path = RideVC.swift; sourceTree = "<group>"; };
		1BAA8DE11DF2D00500643DC8 /* UsersVC.swift */ = {isa = PBXFileReference; fileEncoding = 4; lastKnownFileType = sourcecode.swift; path = UsersVC.swift; sourceTree = "<group>"; };
		1BAA8DE31DF2D01700643DC8 /* StateVC.swift */ = {isa = PBXFileReference; fileEncoding = 4; lastKnownFileType = sourcecode.swift; path = StateVC.swift; sourceTree = "<group>"; };
		1BAA8DE51DF2D02500643DC8 /* ConfigVC.swift */ = {isa = PBXFileReference; fileEncoding = 4; lastKnownFileType = sourcecode.swift; path = ConfigVC.swift; sourceTree = "<group>"; };
		405F8C9A798E1111DDB15B7E /* Pods-kitt.release.xcconfig */ = {isa = PBXFileReference; includeInIndex = 1; lastKnownFileType = text.xcconfig; name = "Pods-kitt.release.xcconfig"; path = "Pods/Target Support Files/Pods-kitt/Pods-kitt.release.xcconfig"; sourceTree = "<group>"; };
		6E6CA5C40146E50D54A48DD7 /* Pods_kittTests.framework */ = {isa = PBXFileReference; explicitFileType = wrapper.framework; includeInIndex = 0; path = Pods_kittTests.framework; sourceTree = BUILT_PRODUCTS_DIR; };
		AB2468641DEE3A8C0066F46F /* kitt.app */ = {isa = PBXFileReference; explicitFileType = wrapper.application; includeInIndex = 0; path = kitt.app; sourceTree = BUILT_PRODUCTS_DIR; };
		AB2468671DEE3A8C0066F46F /* AppDelegate.swift */ = {isa = PBXFileReference; lastKnownFileType = sourcecode.swift; path = AppDelegate.swift; sourceTree = "<group>"; };
		AB24686C1DEE3A8C0066F46F /* Base */ = {isa = PBXFileReference; lastKnownFileType = file.storyboard; name = Base; path = Base.lproj/Main.storyboard; sourceTree = "<group>"; };
		AB24686E1DEE3A8C0066F46F /* Assets.xcassets */ = {isa = PBXFileReference; lastKnownFileType = folder.assetcatalog; path = Assets.xcassets; sourceTree = "<group>"; };
		AB2468711DEE3A8C0066F46F /* Base */ = {isa = PBXFileReference; lastKnownFileType = file.storyboard; name = Base; path = Base.lproj/LaunchScreen.storyboard; sourceTree = "<group>"; };
		AB2468731DEE3A8C0066F46F /* Info.plist */ = {isa = PBXFileReference; lastKnownFileType = text.plist.xml; path = Info.plist; sourceTree = "<group>"; };
		AB2468781DEE3A8C0066F46F /* kittTests.xctest */ = {isa = PBXFileReference; explicitFileType = wrapper.cfbundle; includeInIndex = 0; path = kittTests.xctest; sourceTree = BUILT_PRODUCTS_DIR; };
		AB24687C1DEE3A8C0066F46F /* kittTests.swift */ = {isa = PBXFileReference; lastKnownFileType = sourcecode.swift; path = kittTests.swift; sourceTree = "<group>"; };
		AB24687E1DEE3A8C0066F46F /* Info.plist */ = {isa = PBXFileReference; lastKnownFileType = text.plist.xml; path = Info.plist; sourceTree = "<group>"; };
		AB6E05621DEE3D1F001A3BE8 /* Model.swift */ = {isa = PBXFileReference; fileEncoding = 4; lastKnownFileType = sourcecode.swift; name = Model.swift; path = Source/Model/Model.swift; sourceTree = "<group>"; };
		AB6E05651DF2B225001A3BE8 /* NotificationVC.swift */ = {isa = PBXFileReference; fileEncoding = 4; lastKnownFileType = sourcecode.swift; name = NotificationVC.swift; path = Source/Controller/NotificationVC.swift; sourceTree = "<group>"; };
		ABD90A901DF2D3B700167006 /* BaseVC.swift */ = {isa = PBXFileReference; fileEncoding = 4; lastKnownFileType = sourcecode.swift; name = BaseVC.swift; path = Source/Controller/BaseVC.swift; sourceTree = "<group>"; };
		C291A29DAF356823BF3A6963 /* Pods-kitt.debug.xcconfig */ = {isa = PBXFileReference; includeInIndex = 1; lastKnownFileType = text.xcconfig; name = "Pods-kitt.debug.xcconfig"; path = "Pods/Target Support Files/Pods-kitt/Pods-kitt.debug.xcconfig"; sourceTree = "<group>"; };
		CBE19CE4D82D34B5D283CA67 /* Pods_kitt.framework */ = {isa = PBXFileReference; explicitFileType = wrapper.framework; includeInIndex = 0; path = Pods_kitt.framework; sourceTree = BUILT_PRODUCTS_DIR; };
/* End PBXFileReference section */

/* Begin PBXFrameworksBuildPhase section */
		AB2468611DEE3A8C0066F46F /* Frameworks */ = {
			isa = PBXFrameworksBuildPhase;
			buildActionMask = 2147483647;
			files = (
				06A10EF5CF6CF12682B0BA8C /* Pods_kitt.framework in Frameworks */,
			);
			runOnlyForDeploymentPostprocessing = 0;
		};
		AB2468751DEE3A8C0066F46F /* Frameworks */ = {
			isa = PBXFrameworksBuildPhase;
			buildActionMask = 2147483647;
			files = (
				DEDC176E909428AB4B47D113 /* Pods_kittTests.framework in Frameworks */,
			);
			runOnlyForDeploymentPostprocessing = 0;
		};
/* End PBXFrameworksBuildPhase section */

/* Begin PBXGroup section */
		1B63FE351DF29EFD00352155 /* View */ = {
			isa = PBXGroup;
			children = (
				1B63FE361DF29F1200352155 /* SeparatorView.swift */,
				1B63FE3C1DF2B23400352155 /* GarageCell.swift */,
				1BAA8DDD1DF2C9E000643DC8 /* MenuCell.swift */,
			);
			name = View;
			sourceTree = "<group>";
		};
		AB16D2681DEE3B9700E4DB43 /* Source */ = {
			isa = PBXGroup;
			children = (
				AB6E055E1DEE3C25001A3BE8 /* Controller */,
				AB6E055D1DEE3C1F001A3BE8 /* Model */,
			);
			name = Source;
			sourceTree = "<group>";
		};
		AB16D2691DEE3B9D00E4DB43 /* Resources */ = {
			isa = PBXGroup;
			children = (
			);
			name = Resources;
			sourceTree = "<group>";
		};
		AB24685B1DEE3A8C0066F46F = {
			isa = PBXGroup;
			children = (
				AB2468661DEE3A8C0066F46F /* kitt */,
				AB24687B1DEE3A8C0066F46F /* kittTests */,
				AB2468651DEE3A8C0066F46F /* Products */,
				C545CA447CC8592FC9FAC157 /* Pods */,
				F3FBF5DA97D7BB2E0FB90CE1 /* Frameworks */,
			);
			sourceTree = "<group>";
		};
		AB2468651DEE3A8C0066F46F /* Products */ = {
			isa = PBXGroup;
			children = (
				AB2468641DEE3A8C0066F46F /* kitt.app */,
				AB2468781DEE3A8C0066F46F /* kittTests.xctest */,
			);
			name = Products;
			sourceTree = "<group>";
		};
		AB2468661DEE3A8C0066F46F /* kitt */ = {
			isa = PBXGroup;
			children = (
				AB16D2681DEE3B9700E4DB43 /* Source */,
				1B63FE351DF29EFD00352155 /* View */,
				AB16D2691DEE3B9D00E4DB43 /* Resources */,
				AB2468671DEE3A8C0066F46F /* AppDelegate.swift */,
				AB24686B1DEE3A8C0066F46F /* Main.storyboard */,
				AB24686E1DEE3A8C0066F46F /* Assets.xcassets */,
				AB2468701DEE3A8C0066F46F /* LaunchScreen.storyboard */,
				AB2468731DEE3A8C0066F46F /* Info.plist */,
			);
			path = kitt;
			sourceTree = "<group>";
		};
		AB24687B1DEE3A8C0066F46F /* kittTests */ = {
			isa = PBXGroup;
			children = (
				AB24687C1DEE3A8C0066F46F /* kittTests.swift */,
				AB24687E1DEE3A8C0066F46F /* Info.plist */,
			);
			path = kittTests;
			sourceTree = "<group>";
		};
		AB6E055D1DEE3C1F001A3BE8 /* Model */ = {
			isa = PBXGroup;
			children = (
				AB6E05641DEE3D23001A3BE8 /* Entities */,
				AB6E05621DEE3D1F001A3BE8 /* Model.swift */,
				1B63FE381DF2A24A00352155 /* Extensions.swift */,
			);
			name = Model;
			sourceTree = "<group>";
		};
		AB6E055E1DEE3C25001A3BE8 /* Controller */ = {
			isa = PBXGroup;
			children = (
				1B63FE331DF29BDA00352155 /* LoginVC.swift */,
				1B63FE3A1DF2B1C800352155 /* GarageVC.swift */,
				1B63FE3E1DF2BEEB00352155 /* MenuVC.swift */,
				1BAA8DDF1DF2CFF500643DC8 /* RideVC.swift */,
				1BAA8DE11DF2D00500643DC8 /* UsersVC.swift */,
				1BAA8DE31DF2D01700643DC8 /* StateVC.swift */,
				1BAA8DE51DF2D02500643DC8 /* ConfigVC.swift */,
				AB6E05651DF2B225001A3BE8 /* NotificationVC.swift */,
				AB6E055F1DEE3C65001A3BE8 /* Base */,
			);
			name = Controller;
			sourceTree = "<group>";
		};
		AB6E055F1DEE3C65001A3BE8 /* Base */ = {
			isa = PBXGroup;
			children = (
				ABD90A901DF2D3B700167006 /* BaseVC.swift */,
			);
			name = Base;
			sourceTree = "<group>";
		};
		AB6E05641DEE3D23001A3BE8 /* Entities */ = {
			isa = PBXGroup;
			children = (
			);
			name = Entities;
			sourceTree = "<group>";
		};
		C545CA447CC8592FC9FAC157 /* Pods */ = {
			isa = PBXGroup;
			children = (
				C291A29DAF356823BF3A6963 /* Pods-kitt.debug.xcconfig */,
				405F8C9A798E1111DDB15B7E /* Pods-kitt.release.xcconfig */,
				03F7A3B7A569AEF648CFB086 /* Pods-kittTests.debug.xcconfig */,
				0C0948B4D39D192EBADC2B89 /* Pods-kittTests.release.xcconfig */,
			);
			name = Pods;
			sourceTree = "<group>";
		};
		F3FBF5DA97D7BB2E0FB90CE1 /* Frameworks */ = {
			isa = PBXGroup;
			children = (
				CBE19CE4D82D34B5D283CA67 /* Pods_kitt.framework */,
				6E6CA5C40146E50D54A48DD7 /* Pods_kittTests.framework */,
			);
			name = Frameworks;
			sourceTree = "<group>";
		};
/* End PBXGroup section */

/* Begin PBXNativeTarget section */
		AB2468631DEE3A8C0066F46F /* kitt */ = {
			isa = PBXNativeTarget;
			buildConfigurationList = AB2468811DEE3A8C0066F46F /* Build configuration list for PBXNativeTarget "kitt" */;
			buildPhases = (
				0B7A12228207DA656E33FDAD /* [CP] Check Pods Manifest.lock */,
				AB2468601DEE3A8C0066F46F /* Sources */,
				AB2468611DEE3A8C0066F46F /* Frameworks */,
				AB2468621DEE3A8C0066F46F /* Resources */,
				CB226F6E48F77510B4BBF4CD /* [CP] Embed Pods Frameworks */,
				19E4AEA1AD678CAFBB8244FA /* [CP] Copy Pods Resources */,
			);
			buildRules = (
			);
			dependencies = (
			);
			name = kitt;
			productName = kitt;
			productReference = AB2468641DEE3A8C0066F46F /* kitt.app */;
			productType = "com.apple.product-type.application";
		};
		AB2468771DEE3A8C0066F46F /* kittTests */ = {
			isa = PBXNativeTarget;
			buildConfigurationList = AB2468841DEE3A8C0066F46F /* Build configuration list for PBXNativeTarget "kittTests" */;
			buildPhases = (
				74A140585C812F7751D56438 /* [CP] Check Pods Manifest.lock */,
				AB2468741DEE3A8C0066F46F /* Sources */,
				AB2468751DEE3A8C0066F46F /* Frameworks */,
				AB2468761DEE3A8C0066F46F /* Resources */,
				DC92A4DB52727E46AFE6B603 /* [CP] Embed Pods Frameworks */,
				F5932C4B54C0DF931517642E /* [CP] Copy Pods Resources */,
			);
			buildRules = (
			);
			dependencies = (
				AB24687A1DEE3A8C0066F46F /* PBXTargetDependency */,
			);
			name = kittTests;
			productName = kittTests;
			productReference = AB2468781DEE3A8C0066F46F /* kittTests.xctest */;
			productType = "com.apple.product-type.bundle.unit-test";
		};
/* End PBXNativeTarget section */

/* Begin PBXProject section */
		AB24685C1DEE3A8C0066F46F /* Project object */ = {
			isa = PBXProject;
			attributes = {
				LastSwiftUpdateCheck = 0810;
				LastUpgradeCheck = 0810;
				ORGANIZATIONNAME = "Ondřej Mařík";
				TargetAttributes = {
					AB2468631DEE3A8C0066F46F = {
						CreatedOnToolsVersion = 8.1;
						DevelopmentTeam = CG63ZWPD86;
						ProvisioningStyle = Automatic;
					};
					AB2468771DEE3A8C0066F46F = {
						CreatedOnToolsVersion = 8.1;
						DevelopmentTeam = CG63ZWPD86;
						ProvisioningStyle = Automatic;
						TestTargetID = AB2468631DEE3A8C0066F46F;
					};
				};
			};
			buildConfigurationList = AB24685F1DEE3A8C0066F46F /* Build configuration list for PBXProject "kitt" */;
			compatibilityVersion = "Xcode 3.2";
			developmentRegion = English;
			hasScannedForEncodings = 0;
			knownRegions = (
				en,
				Base,
			);
			mainGroup = AB24685B1DEE3A8C0066F46F;
			productRefGroup = AB2468651DEE3A8C0066F46F /* Products */;
			projectDirPath = "";
			projectRoot = "";
			targets = (
				AB2468631DEE3A8C0066F46F /* kitt */,
				AB2468771DEE3A8C0066F46F /* kittTests */,
			);
		};
/* End PBXProject section */

/* Begin PBXResourcesBuildPhase section */
		AB2468621DEE3A8C0066F46F /* Resources */ = {
			isa = PBXResourcesBuildPhase;
			buildActionMask = 2147483647;
			files = (
				AB2468721DEE3A8C0066F46F /* LaunchScreen.storyboard in Resources */,
				AB24686F1DEE3A8C0066F46F /* Assets.xcassets in Resources */,
				AB24686D1DEE3A8C0066F46F /* Main.storyboard in Resources */,
			);
			runOnlyForDeploymentPostprocessing = 0;
		};
		AB2468761DEE3A8C0066F46F /* Resources */ = {
			isa = PBXResourcesBuildPhase;
			buildActionMask = 2147483647;
			files = (
			);
			runOnlyForDeploymentPostprocessing = 0;
		};
/* End PBXResourcesBuildPhase section */

/* Begin PBXShellScriptBuildPhase section */
		0B7A12228207DA656E33FDAD /* [CP] Check Pods Manifest.lock */ = {
			isa = PBXShellScriptBuildPhase;
			buildActionMask = 2147483647;
			files = (
			);
			inputPaths = (
			);
			name = "[CP] Check Pods Manifest.lock";
			outputPaths = (
			);
			runOnlyForDeploymentPostprocessing = 0;
			shellPath = /bin/sh;
			shellScript = "diff \"${PODS_ROOT}/../Podfile.lock\" \"${PODS_ROOT}/Manifest.lock\" > /dev/null\nif [ $? != 0 ] ; then\n    # print error to STDERR\n    echo \"error: The sandbox is not in sync with the Podfile.lock. Run 'pod install' or update your CocoaPods installation.\" >&2\n    exit 1\nfi\n";
			showEnvVarsInLog = 0;
		};
		19E4AEA1AD678CAFBB8244FA /* [CP] Copy Pods Resources */ = {
			isa = PBXShellScriptBuildPhase;
			buildActionMask = 2147483647;
			files = (
			);
			inputPaths = (
			);
			name = "[CP] Copy Pods Resources";
			outputPaths = (
			);
			runOnlyForDeploymentPostprocessing = 0;
			shellPath = /bin/sh;
			shellScript = "\"${SRCROOT}/Pods/Target Support Files/Pods-kitt/Pods-kitt-resources.sh\"\n";
			showEnvVarsInLog = 0;
		};
		74A140585C812F7751D56438 /* [CP] Check Pods Manifest.lock */ = {
			isa = PBXShellScriptBuildPhase;
			buildActionMask = 2147483647;
			files = (
			);
			inputPaths = (
			);
			name = "[CP] Check Pods Manifest.lock";
			outputPaths = (
			);
			runOnlyForDeploymentPostprocessing = 0;
			shellPath = /bin/sh;
			shellScript = "diff \"${PODS_ROOT}/../Podfile.lock\" \"${PODS_ROOT}/Manifest.lock\" > /dev/null\nif [ $? != 0 ] ; then\n    # print error to STDERR\n    echo \"error: The sandbox is not in sync with the Podfile.lock. Run 'pod install' or update your CocoaPods installation.\" >&2\n    exit 1\nfi\n";
			showEnvVarsInLog = 0;
		};
		CB226F6E48F77510B4BBF4CD /* [CP] Embed Pods Frameworks */ = {
			isa = PBXShellScriptBuildPhase;
			buildActionMask = 2147483647;
			files = (
			);
			inputPaths = (
			);
			name = "[CP] Embed Pods Frameworks";
			outputPaths = (
			);
			runOnlyForDeploymentPostprocessing = 0;
			shellPath = /bin/sh;
			shellScript = "\"${SRCROOT}/Pods/Target Support Files/Pods-kitt/Pods-kitt-frameworks.sh\"\n";
			showEnvVarsInLog = 0;
		};
		DC92A4DB52727E46AFE6B603 /* [CP] Embed Pods Frameworks */ = {
			isa = PBXShellScriptBuildPhase;
			buildActionMask = 2147483647;
			files = (
			);
			inputPaths = (
			);
			name = "[CP] Embed Pods Frameworks";
			outputPaths = (
			);
			runOnlyForDeploymentPostprocessing = 0;
			shellPath = /bin/sh;
			shellScript = "\"${SRCROOT}/Pods/Target Support Files/Pods-kittTests/Pods-kittTests-frameworks.sh\"\n";
			showEnvVarsInLog = 0;
		};
		F5932C4B54C0DF931517642E /* [CP] Copy Pods Resources */ = {
			isa = PBXShellScriptBuildPhase;
			buildActionMask = 2147483647;
			files = (
			);
			inputPaths = (
			);
			name = "[CP] Copy Pods Resources";
			outputPaths = (
			);
			runOnlyForDeploymentPostprocessing = 0;
			shellPath = /bin/sh;
			shellScript = "\"${SRCROOT}/Pods/Target Support Files/Pods-kittTests/Pods-kittTests-resources.sh\"\n";
			showEnvVarsInLog = 0;
		};
/* End PBXShellScriptBuildPhase section */

/* Begin PBXSourcesBuildPhase section */
		AB2468601DEE3A8C0066F46F /* Sources */ = {
			isa = PBXSourcesBuildPhase;
			buildActionMask = 2147483647;
			files = (
				AB6E05631DEE3D1F001A3BE8 /* Model.swift in Sources */,
				1B63FE391DF2A24A00352155 /* Extensions.swift in Sources */,
				1B63FE3D1DF2B23400352155 /* GarageCell.swift in Sources */,
				AB2468681DEE3A8C0066F46F /* AppDelegate.swift in Sources */,
				1BAA8DE61DF2D02500643DC8 /* ConfigVC.swift in Sources */,
				ABD90A911DF2D3B700167006 /* BaseVC.swift in Sources */,
				1BAA8DE01DF2CFF500643DC8 /* RideVC.swift in Sources */,
				1B63FE371DF29F1200352155 /* SeparatorView.swift in Sources */,
				1B63FE3F1DF2BEEB00352155 /* MenuVC.swift in Sources */,
				1BAA8DDE1DF2C9E000643DC8 /* MenuCell.swift in Sources */,
				1B63FE341DF29BDA00352155 /* LoginVC.swift in Sources */,
				1B63FE3B1DF2B1C800352155 /* GarageVC.swift in Sources */,
				1BAA8DE21DF2D00500643DC8 /* UsersVC.swift in Sources */,
				1BAA8DE41DF2D01700643DC8 /* StateVC.swift in Sources */,
			);
			runOnlyForDeploymentPostprocessing = 0;
		};
		AB2468741DEE3A8C0066F46F /* Sources */ = {
			isa = PBXSourcesBuildPhase;
			buildActionMask = 2147483647;
			files = (
				AB24687D1DEE3A8C0066F46F /* kittTests.swift in Sources */,
			);
			runOnlyForDeploymentPostprocessing = 0;
		};
/* End PBXSourcesBuildPhase section */

/* Begin PBXTargetDependency section */
		AB24687A1DEE3A8C0066F46F /* PBXTargetDependency */ = {
			isa = PBXTargetDependency;
			target = AB2468631DEE3A8C0066F46F /* kitt */;
			targetProxy = AB2468791DEE3A8C0066F46F /* PBXContainerItemProxy */;
		};
/* End PBXTargetDependency section */

/* Begin PBXVariantGroup section */
		AB24686B1DEE3A8C0066F46F /* Main.storyboard */ = {
			isa = PBXVariantGroup;
			children = (
				AB24686C1DEE3A8C0066F46F /* Base */,
			);
			name = Main.storyboard;
			sourceTree = "<group>";
		};
		AB2468701DEE3A8C0066F46F /* LaunchScreen.storyboard */ = {
			isa = PBXVariantGroup;
			children = (
				AB2468711DEE3A8C0066F46F /* Base */,
			);
			name = LaunchScreen.storyboard;
			sourceTree = "<group>";
		};
/* End PBXVariantGroup section */

/* Begin XCBuildConfiguration section */
		AB24687F1DEE3A8C0066F46F /* Debug */ = {
			isa = XCBuildConfiguration;
			buildSettings = {
				ALWAYS_SEARCH_USER_PATHS = NO;
				CLANG_ANALYZER_NONNULL = YES;
				CLANG_CXX_LANGUAGE_STANDARD = "gnu++0x";
				CLANG_CXX_LIBRARY = "libc++";
				CLANG_ENABLE_MODULES = YES;
				CLANG_ENABLE_OBJC_ARC = YES;
				CLANG_WARN_BOOL_CONVERSION = YES;
				CLANG_WARN_CONSTANT_CONVERSION = YES;
				CLANG_WARN_DIRECT_OBJC_ISA_USAGE = YES_ERROR;
				CLANG_WARN_DOCUMENTATION_COMMENTS = YES;
				CLANG_WARN_EMPTY_BODY = YES;
				CLANG_WARN_ENUM_CONVERSION = YES;
				CLANG_WARN_INFINITE_RECURSION = YES;
				CLANG_WARN_INT_CONVERSION = YES;
				CLANG_WARN_OBJC_ROOT_CLASS = YES_ERROR;
				CLANG_WARN_SUSPICIOUS_MOVES = YES;
				CLANG_WARN_UNREACHABLE_CODE = YES;
				CLANG_WARN__DUPLICATE_METHOD_MATCH = YES;
				"CODE_SIGN_IDENTITY[sdk=iphoneos*]" = "iPhone Developer";
				COPY_PHASE_STRIP = NO;
				DEBUG_INFORMATION_FORMAT = dwarf;
				ENABLE_STRICT_OBJC_MSGSEND = YES;
				ENABLE_TESTABILITY = YES;
				GCC_C_LANGUAGE_STANDARD = gnu99;
				GCC_DYNAMIC_NO_PIC = NO;
				GCC_NO_COMMON_BLOCKS = YES;
				GCC_OPTIMIZATION_LEVEL = 0;
				GCC_PREPROCESSOR_DEFINITIONS = (
					"DEBUG=1",
					"$(inherited)",
				);
				GCC_WARN_64_TO_32_BIT_CONVERSION = YES;
				GCC_WARN_ABOUT_RETURN_TYPE = YES_ERROR;
				GCC_WARN_UNDECLARED_SELECTOR = YES;
				GCC_WARN_UNINITIALIZED_AUTOS = YES_AGGRESSIVE;
				GCC_WARN_UNUSED_FUNCTION = YES;
				GCC_WARN_UNUSED_VARIABLE = YES;
				IPHONEOS_DEPLOYMENT_TARGET = 10.1;
				MTL_ENABLE_DEBUG_INFO = YES;
				ONLY_ACTIVE_ARCH = YES;
				SDKROOT = iphoneos;
				SWIFT_ACTIVE_COMPILATION_CONDITIONS = DEBUG;
				SWIFT_OPTIMIZATION_LEVEL = "-Onone";
				TARGETED_DEVICE_FAMILY = "1,2";
			};
			name = Debug;
		};
		AB2468801DEE3A8C0066F46F /* Release */ = {
			isa = XCBuildConfiguration;
			buildSettings = {
				ALWAYS_SEARCH_USER_PATHS = NO;
				CLANG_ANALYZER_NONNULL = YES;
				CLANG_CXX_LANGUAGE_STANDARD = "gnu++0x";
				CLANG_CXX_LIBRARY = "libc++";
				CLANG_ENABLE_MODULES = YES;
				CLANG_ENABLE_OBJC_ARC = YES;
				CLANG_WARN_BOOL_CONVERSION = YES;
				CLANG_WARN_CONSTANT_CONVERSION = YES;
				CLANG_WARN_DIRECT_OBJC_ISA_USAGE = YES_ERROR;
				CLANG_WARN_DOCUMENTATION_COMMENTS = YES;
				CLANG_WARN_EMPTY_BODY = YES;
				CLANG_WARN_ENUM_CONVERSION = YES;
				CLANG_WARN_INFINITE_RECURSION = YES;
				CLANG_WARN_INT_CONVERSION = YES;
				CLANG_WARN_OBJC_ROOT_CLASS = YES_ERROR;
				CLANG_WARN_SUSPICIOUS_MOVES = YES;
				CLANG_WARN_UNREACHABLE_CODE = YES;
				CLANG_WARN__DUPLICATE_METHOD_MATCH = YES;
				"CODE_SIGN_IDENTITY[sdk=iphoneos*]" = "iPhone Developer";
				COPY_PHASE_STRIP = NO;
				DEBUG_INFORMATION_FORMAT = "dwarf-with-dsym";
				ENABLE_NS_ASSERTIONS = NO;
				ENABLE_STRICT_OBJC_MSGSEND = YES;
				GCC_C_LANGUAGE_STANDARD = gnu99;
				GCC_NO_COMMON_BLOCKS = YES;
				GCC_WARN_64_TO_32_BIT_CONVERSION = YES;
				GCC_WARN_ABOUT_RETURN_TYPE = YES_ERROR;
				GCC_WARN_UNDECLARED_SELECTOR = YES;
				GCC_WARN_UNINITIALIZED_AUTOS = YES_AGGRESSIVE;
				GCC_WARN_UNUSED_FUNCTION = YES;
				GCC_WARN_UNUSED_VARIABLE = YES;
				IPHONEOS_DEPLOYMENT_TARGET = 10.1;
				MTL_ENABLE_DEBUG_INFO = NO;
				SDKROOT = iphoneos;
				SWIFT_OPTIMIZATION_LEVEL = "-Owholemodule";
				TARGETED_DEVICE_FAMILY = "1,2";
				VALIDATE_PRODUCT = YES;
			};
			name = Release;
		};
		AB2468821DEE3A8C0066F46F /* Debug */ = {
			isa = XCBuildConfiguration;
			baseConfigurationReference = C291A29DAF356823BF3A6963 /* Pods-kitt.debug.xcconfig */;
			buildSettings = {
				ASSETCATALOG_COMPILER_APPICON_NAME = AppIcon;
				DEVELOPMENT_TEAM = CG63ZWPD86;
				INFOPLIST_FILE = kitt/Info.plist;
				LD_RUNPATH_SEARCH_PATHS = "$(inherited) @executable_path/Frameworks";
				PRODUCT_BUNDLE_IDENTIFIER = com.example.marikond.kitt;
				PRODUCT_NAME = "$(TARGET_NAME)";
				SWIFT_VERSION = 3.0;
			};
			name = Debug;
		};
		AB2468831DEE3A8C0066F46F /* Release */ = {
			isa = XCBuildConfiguration;
			baseConfigurationReference = 405F8C9A798E1111DDB15B7E /* Pods-kitt.release.xcconfig */;
			buildSettings = {
				ASSETCATALOG_COMPILER_APPICON_NAME = AppIcon;
				DEVELOPMENT_TEAM = CG63ZWPD86;
				INFOPLIST_FILE = kitt/Info.plist;
				LD_RUNPATH_SEARCH_PATHS = "$(inherited) @executable_path/Frameworks";
				PRODUCT_BUNDLE_IDENTIFIER = com.example.marikond.kitt;
				PRODUCT_NAME = "$(TARGET_NAME)";
				SWIFT_VERSION = 3.0;
			};
			name = Release;
		};
		AB2468851DEE3A8C0066F46F /* Debug */ = {
			isa = XCBuildConfiguration;
			baseConfigurationReference = 03F7A3B7A569AEF648CFB086 /* Pods-kittTests.debug.xcconfig */;
			buildSettings = {
				ALWAYS_EMBED_SWIFT_STANDARD_LIBRARIES = YES;
				BUNDLE_LOADER = "$(TEST_HOST)";
				DEVELOPMENT_TEAM = CG63ZWPD86;
				INFOPLIST_FILE = kittTests/Info.plist;
				LD_RUNPATH_SEARCH_PATHS = "$(inherited) @executable_path/Frameworks @loader_path/Frameworks";
				PRODUCT_BUNDLE_IDENTIFIER = com.example.marikond.kittTests;
				PRODUCT_NAME = "$(TARGET_NAME)";
				SWIFT_VERSION = 3.0;
				TEST_HOST = "$(BUILT_PRODUCTS_DIR)/kitt.app/kitt";
			};
			name = Debug;
		};
		AB2468861DEE3A8C0066F46F /* Release */ = {
			isa = XCBuildConfiguration;
			baseConfigurationReference = 0C0948B4D39D192EBADC2B89 /* Pods-kittTests.release.xcconfig */;
			buildSettings = {
				ALWAYS_EMBED_SWIFT_STANDARD_LIBRARIES = YES;
				BUNDLE_LOADER = "$(TEST_HOST)";
				DEVELOPMENT_TEAM = CG63ZWPD86;
				INFOPLIST_FILE = kittTests/Info.plist;
				LD_RUNPATH_SEARCH_PATHS = "$(inherited) @executable_path/Frameworks @loader_path/Frameworks";
				PRODUCT_BUNDLE_IDENTIFIER = com.example.marikond.kittTests;
				PRODUCT_NAME = "$(TARGET_NAME)";
				SWIFT_VERSION = 3.0;
				TEST_HOST = "$(BUILT_PRODUCTS_DIR)/kitt.app/kitt";
			};
			name = Release;
		};
/* End XCBuildConfiguration section */

/* Begin XCConfigurationList section */
		AB24685F1DEE3A8C0066F46F /* Build configuration list for PBXProject "kitt" */ = {
			isa = XCConfigurationList;
			buildConfigurations = (
				AB24687F1DEE3A8C0066F46F /* Debug */,
				AB2468801DEE3A8C0066F46F /* Release */,
			);
			defaultConfigurationIsVisible = 0;
			defaultConfigurationName = Release;
		};
		AB2468811DEE3A8C0066F46F /* Build configuration list for PBXNativeTarget "kitt" */ = {
			isa = XCConfigurationList;
			buildConfigurations = (
				AB2468821DEE3A8C0066F46F /* Debug */,
				AB2468831DEE3A8C0066F46F /* Release */,
			);
			defaultConfigurationIsVisible = 0;
			defaultConfigurationName = Release;
		};
		AB2468841DEE3A8C0066F46F /* Build configuration list for PBXNativeTarget "kittTests" */ = {
			isa = XCConfigurationList;
			buildConfigurations = (
				AB2468851DEE3A8C0066F46F /* Debug */,
				AB2468861DEE3A8C0066F46F /* Release */,
			);
			defaultConfigurationIsVisible = 0;
			defaultConfigurationName = Release;
		};
/* End XCConfigurationList section */
	};
	rootObject = AB24685C1DEE3A8C0066F46F /* Project object */;
}
